
Microsoft Visual Studio Solution File, Format Version 12.00
# Visual Studio Version 16
VisualStudioVersion = 16.0.29905.134
MinimumVisualStudioVersion = 10.0.40219.1
Project("{FAE04EC0-301F-11D3-BF4B-00C04F79EFBC}") = "VendorAuthExampleSite", "VendorAuthExampleSite\VendorAuthExampleSite.csproj", "{AC7E87AF-4974-4D34-A35C-4855EBD22929}"
EndProject
Global
	GlobalSection(SolutionConfigurationPlatforms) = preSolution
		Debug|Any CPU = Debug|Any CPU
		Release|Any CPU = Release|Any CPU
	EndGlobalSection
	GlobalSection(ProjectConfigurationPlatforms) = postSolution
		{AC7E87AF-4974-4D34-A35C-4855EBD22929}.Debug|Any CPU.ActiveCfg = Debug|Any CPU
		{AC7E87AF-4974-4D34-A35C-4855EBD22929}.Debug|Any CPU.Build.0 = Debug|Any CPU
		{AC7E87AF-4974-4D34-A35C-4855EBD22929}.Release|Any CPU.ActiveCfg = Release|Any CPU
		{AC7E87AF-4974-4D34-A35C-4855EBD22929}.Release|Any CPU.Build.0 = Release|Any CPU
	EndGlobalSection
	GlobalSection(SolutionProperties) = preSolution
		HideSolutionNode = FALSE
	EndGlobalSection
	GlobalSection(ExtensibilityGlobals) = postSolution
		SolutionGuid = {6C17D2FE-F10E-4153-8512-72F7E82F51E1}
	EndGlobalSection
EndGlobal
